
Microsoft Visual Studio Solution File, Format Version 12.00
# Visual Studio Version 16
VisualStudioVersion = 16.0.30114.105
MinimumVisualStudioVersion = 10.0.40219.1
Project("{888888A0-9F3D-457C-B088-3A5042F75D52}") = "Multiple Pages", "Multiple Pages\Multiple Pages.pyproj", "{893F8089-2628-419E-9712-9FEEE2882574}"
EndProject
Global
	GlobalSection(SolutionConfigurationPlatforms) = preSolution
		Debug|Any CPU = Debug|Any CPU
		Release|Any CPU = Release|Any CPU
	EndGlobalSection
	GlobalSection(ProjectConfigurationPlatforms) = postSolution
		{893F8089-2628-419E-9712-9FEEE2882574}.Debug|Any CPU.ActiveCfg = Debug|Any CPU
		{893F8089-2628-419E-9712-9FEEE2882574}.Release|Any CPU.ActiveCfg = Release|Any CPU
	EndGlobalSection
	GlobalSection(SolutionProperties) = preSolution
		HideSolutionNode = FALSE
	EndGlobalSection
	GlobalSection(ExtensibilityGlobals) = postSolution
		SolutionGuid = {6D9789E9-A681-417B-BAAE-7A7232578A0B}
	EndGlobalSection
EndGlobal
